
Microsoft Visual Studio Solution File, Format Version 12.00
# Visual Studio Version 17
VisualStudioVersion = 17.5.33516.290
MinimumVisualStudioVersion = 10.0.40219.1
Project("{9A19103F-16F7-4668-BE54-9A1E7A4F7556}") = "Init", "Init\Init.csproj", "{9D37D0DD-2F2F-452B-858F-4751FA8E1460}"
EndProject
Project("{9A19103F-16F7-4668-BE54-9A1E7A4F7556}") = "02_EsempioMinApi", "02_EsempioMinApi\02_EsempioMinApi.csproj", "{38C57A73-6471-4691-AE9D-32454268D2F0}"
EndProject
Project("{FAE04EC0-301F-11D3-BF4B-00C04F79EFBC}") = "03_EsempioApi", "03_EsempioApi\03_EsempioApi.csproj", "{3B99C772-45CB-4813-8219-18FA8E3A6483}"
EndProject
Global
	GlobalSection(SolutionConfigurationPlatforms) = preSolution
		Debug|Any CPU = Debug|Any CPU
		Release|Any CPU = Release|Any CPU
	EndGlobalSection
	GlobalSection(ProjectConfigurationPlatforms) = postSolution
		{9D37D0DD-2F2F-452B-858F-4751FA8E1460}.Debug|Any CPU.ActiveCfg = Debug|Any CPU
		{9D37D0DD-2F2F-452B-858F-4751FA8E1460}.Debug|Any CPU.Build.0 = Debug|Any CPU
		{9D37D0DD-2F2F-452B-858F-4751FA8E1460}.Release|Any CPU.ActiveCfg = Release|Any CPU
		{9D37D0DD-2F2F-452B-858F-4751FA8E1460}.Release|Any CPU.Build.0 = Release|Any CPU
		{38C57A73-6471-4691-AE9D-32454268D2F0}.Debug|Any CPU.ActiveCfg = Debug|Any CPU
		{38C57A73-6471-4691-AE9D-32454268D2F0}.Debug|Any CPU.Build.0 = Debug|Any CPU
		{38C57A73-6471-4691-AE9D-32454268D2F0}.Release|Any CPU.ActiveCfg = Release|Any CPU
		{38C57A73-6471-4691-AE9D-32454268D2F0}.Release|Any CPU.Build.0 = Release|Any CPU
		{3B99C772-45CB-4813-8219-18FA8E3A6483}.Debug|Any CPU.ActiveCfg = Debug|Any CPU
		{3B99C772-45CB-4813-8219-18FA8E3A6483}.Debug|Any CPU.Build.0 = Debug|Any CPU
		{3B99C772-45CB-4813-8219-18FA8E3A6483}.Release|Any CPU.ActiveCfg = Release|Any CPU
		{3B99C772-45CB-4813-8219-18FA8E3A6483}.Release|Any CPU.Build.0 = Release|Any CPU
	EndGlobalSection
	GlobalSection(SolutionProperties) = preSolution
		HideSolutionNode = FALSE
	EndGlobalSection
	GlobalSection(ExtensibilityGlobals) = postSolution
		SolutionGuid = {2A3B3EF5-98FE-443C-9444-838C04B5C2EC}
	EndGlobalSection
EndGlobal
