
Microsoft Visual Studio Solution File, Format Version 12.00
# Visual Studio Version 17
VisualStudioVersion = 17.4.33213.308
MinimumVisualStudioVersion = 10.0.40219.1
Project("{9A19103F-16F7-4668-BE54-9A1E7A4F7556}") = "01_EsempioDNS", "01_EsempioDNS\01_EsempioDNS.csproj", "{73CDF50F-0812-48DA-9769-F66FA1159194}"
EndProject
Project("{9A19103F-16F7-4668-BE54-9A1E7A4F7556}") = "02_EsempioHttpClient", "02_EsempioHttpClient\02_EsempioHttpClient.csproj", "{CA7B5A72-D539-40D1-AEC5-0AD2EB9E62C3}"
EndProject
Project("{9A19103F-16F7-4668-BE54-9A1E7A4F7556}") = "SettingProxy", "SettingProxy\SettingProxy.csproj", "{A118C9F7-288F-41A8-8CA8-90DA426DDD6D}"
EndProject
Project("{9A19103F-16F7-4668-BE54-9A1E7A4F7556}") = "03_UsoProxy", "03_UsoProxy\03_UsoProxy.csproj", "{ECAFC8E1-8675-48D8-B1F3-9984DD8050D2}"
EndProject
Project("{9A19103F-16F7-4668-BE54-9A1E7A4F7556}") = "04_DownloadFile", "04_DownloadFile\04_DownloadFile.csproj", "{D6DD15C6-6E4E-4246-9974-B58CC65CB530}"
EndProject
Project("{9A19103F-16F7-4668-BE54-9A1E7A4F7556}") = "05_AnalisiHeaders", "05_AnalisiHeaders\05_AnalisiHeaders.csproj", "{19699B1D-41BE-4C00-A0BB-BBA2B3D9BFBC}"
EndProject
Project("{9A19103F-16F7-4668-BE54-9A1E7A4F7556}") = "06_MetodiDiEstensione", "06_MetodiDiEstensione\06_MetodiDiEstensione.csproj", "{9973DE83-271A-4837-A60C-4DAFBA9A6E03}"
EndProject
Project("{9A19103F-16F7-4668-BE54-9A1E7A4F7556}") = "07_EsempioJSON", "07_EsempioJSON\07_EsempioJSON.csproj", "{F32A58F8-E981-4476-9916-278D148B8FB7}"
EndProject
Project("{9A19103F-16F7-4668-BE54-9A1E7A4F7556}") = "08_EsempioSerializzazioneJSON", "08_EsempioSerializzazioneJSON\08_EsempioSerializzazioneJSON.csproj", "{06EC8E32-ACE0-403D-BD4D-AD5F5A3688B3}"
EndProject
Project("{9A19103F-16F7-4668-BE54-9A1E7A4F7556}") = "09_DownloadFileGrandiDimensioni", "09_DownloadFileGrandiDimensioni\09_DownloadFileGrandiDimensioni.csproj", "{0F062753-D57B-4769-9A14-4BDF5205C775}"
EndProject
Project("{9A19103F-16F7-4668-BE54-9A1E7A4F7556}") = "09_DeserializzazioneJSON", "09_DeserializzazioneJSON\09_DeserializzazioneJSON.csproj", "{9D5A089D-CACA-4564-BEEA-69A0139F78C4}"
EndProject
Project("{9A19103F-16F7-4668-BE54-9A1E7A4F7556}") = "10_EsempioJSONHttpClient", "10_EsempioJSONHttpClient\10_EsempioJSONHttpClient.csproj", "{DE255F54-03FC-4023-9FDF-A0E953BCD8AC}"
EndProject
Project("{9A19103F-16F7-4668-BE54-9A1E7A4F7556}") = "11_EsercizioPhoto", "11_EsercizioPhoto\11_EsercizioPhoto.csproj", "{C3072B8A-A84B-4A2C-A9A4-A6472E11F341}"
EndProject
Project("{9A19103F-16F7-4668-BE54-9A1E7A4F7556}") = "11_GithubAPIClient", "11_GithubAPIClient\11_GithubAPIClient.csproj", "{F52C48BC-E38F-4CD3-B69E-ED4581342ABD}"
EndProject
Project("{9A19103F-16F7-4668-BE54-9A1E7A4F7556}") = "12_ClientMockaroo", "12_ClientMoclkaroo\12_ClientMockaroo.csproj", "{5C8606D7-AF20-4BC4-AC90-9D3271D361EF}"
EndProject
Project("{9A19103F-16F7-4668-BE54-9A1E7A4F7556}") = "13_ClientMockApiPostman", "13_ClientMockApiPostman\13_ClientMockApiPostman.csproj", "{C67EFAD4-F992-4A6A-95F8-84AA83084C80}"
EndProject
Project("{9A19103F-16F7-4668-BE54-9A1E7A4F7556}") = "14_EsempioPrevisioni", "14_EsempioPrevisioni\14_EsempioPrevisioni.csproj", "{6BD4FB02-19BC-450D-B284-B549363C52E9}"
EndProject
Project("{9A19103F-16F7-4668-BE54-9A1E7A4F7556}") = "15_EsempioBingMaps", "15_EsempioBingMaps\15_EsempioBingMaps.csproj", "{E73EAF61-67B7-4283-BC5A-5B65D8E76302}"
EndProject
Project("{FAE04EC0-301F-11D3-BF4B-00C04F79EFBC}") = "16_EsempioWikipedia", "16_EsempioWikipedia\16_EsempioWikipedia.csproj", "{58C36A81-0B7E-4538-9BBA-2830A7B6D2A8}"
EndProject
Global
	GlobalSection(SolutionConfigurationPlatforms) = preSolution
		Debug|Any CPU = Debug|Any CPU
		Release|Any CPU = Release|Any CPU
	EndGlobalSection
	GlobalSection(ProjectConfigurationPlatforms) = postSolution
		{73CDF50F-0812-48DA-9769-F66FA1159194}.Debug|Any CPU.ActiveCfg = Debug|Any CPU
		{73CDF50F-0812-48DA-9769-F66FA1159194}.Debug|Any CPU.Build.0 = Debug|Any CPU
		{73CDF50F-0812-48DA-9769-F66FA1159194}.Release|Any CPU.ActiveCfg = Release|Any CPU
		{73CDF50F-0812-48DA-9769-F66FA1159194}.Release|Any CPU.Build.0 = Release|Any CPU
		{CA7B5A72-D539-40D1-AEC5-0AD2EB9E62C3}.Debug|Any CPU.ActiveCfg = Debug|Any CPU
		{CA7B5A72-D539-40D1-AEC5-0AD2EB9E62C3}.Debug|Any CPU.Build.0 = Debug|Any CPU
		{CA7B5A72-D539-40D1-AEC5-0AD2EB9E62C3}.Release|Any CPU.ActiveCfg = Release|Any CPU
		{CA7B5A72-D539-40D1-AEC5-0AD2EB9E62C3}.Release|Any CPU.Build.0 = Release|Any CPU
		{A118C9F7-288F-41A8-8CA8-90DA426DDD6D}.Debug|Any CPU.ActiveCfg = Debug|Any CPU
		{A118C9F7-288F-41A8-8CA8-90DA426DDD6D}.Debug|Any CPU.Build.0 = Debug|Any CPU
		{A118C9F7-288F-41A8-8CA8-90DA426DDD6D}.Release|Any CPU.ActiveCfg = Release|Any CPU
		{A118C9F7-288F-41A8-8CA8-90DA426DDD6D}.Release|Any CPU.Build.0 = Release|Any CPU
		{ECAFC8E1-8675-48D8-B1F3-9984DD8050D2}.Debug|Any CPU.ActiveCfg = Debug|Any CPU
		{ECAFC8E1-8675-48D8-B1F3-9984DD8050D2}.Debug|Any CPU.Build.0 = Debug|Any CPU
		{ECAFC8E1-8675-48D8-B1F3-9984DD8050D2}.Release|Any CPU.ActiveCfg = Release|Any CPU
		{ECAFC8E1-8675-48D8-B1F3-9984DD8050D2}.Release|Any CPU.Build.0 = Release|Any CPU
		{D6DD15C6-6E4E-4246-9974-B58CC65CB530}.Debug|Any CPU.ActiveCfg = Debug|Any CPU
		{D6DD15C6-6E4E-4246-9974-B58CC65CB530}.Debug|Any CPU.Build.0 = Debug|Any CPU
		{D6DD15C6-6E4E-4246-9974-B58CC65CB530}.Release|Any CPU.ActiveCfg = Release|Any CPU
		{D6DD15C6-6E4E-4246-9974-B58CC65CB530}.Release|Any CPU.Build.0 = Release|Any CPU
		{19699B1D-41BE-4C00-A0BB-BBA2B3D9BFBC}.Debug|Any CPU.ActiveCfg = Debug|Any CPU
		{19699B1D-41BE-4C00-A0BB-BBA2B3D9BFBC}.Debug|Any CPU.Build.0 = Debug|Any CPU
		{19699B1D-41BE-4C00-A0BB-BBA2B3D9BFBC}.Release|Any CPU.ActiveCfg = Release|Any CPU
		{19699B1D-41BE-4C00-A0BB-BBA2B3D9BFBC}.Release|Any CPU.Build.0 = Release|Any CPU
		{9973DE83-271A-4837-A60C-4DAFBA9A6E03}.Debug|Any CPU.ActiveCfg = Debug|Any CPU
		{9973DE83-271A-4837-A60C-4DAFBA9A6E03}.Debug|Any CPU.Build.0 = Debug|Any CPU
		{9973DE83-271A-4837-A60C-4DAFBA9A6E03}.Release|Any CPU.ActiveCfg = Release|Any CPU
		{9973DE83-271A-4837-A60C-4DAFBA9A6E03}.Release|Any CPU.Build.0 = Release|Any CPU
		{F32A58F8-E981-4476-9916-278D148B8FB7}.Debug|Any CPU.ActiveCfg = Debug|Any CPU
		{F32A58F8-E981-4476-9916-278D148B8FB7}.Debug|Any CPU.Build.0 = Debug|Any CPU
		{F32A58F8-E981-4476-9916-278D148B8FB7}.Release|Any CPU.ActiveCfg = Release|Any CPU
		{F32A58F8-E981-4476-9916-278D148B8FB7}.Release|Any CPU.Build.0 = Release|Any CPU
		{06EC8E32-ACE0-403D-BD4D-AD5F5A3688B3}.Debug|Any CPU.ActiveCfg = Debug|Any CPU
		{06EC8E32-ACE0-403D-BD4D-AD5F5A3688B3}.Debug|Any CPU.Build.0 = Debug|Any CPU
		{06EC8E32-ACE0-403D-BD4D-AD5F5A3688B3}.Release|Any CPU.ActiveCfg = Release|Any CPU
		{06EC8E32-ACE0-403D-BD4D-AD5F5A3688B3}.Release|Any CPU.Build.0 = Release|Any CPU
		{0F062753-D57B-4769-9A14-4BDF5205C775}.Debug|Any CPU.ActiveCfg = Debug|Any CPU
		{0F062753-D57B-4769-9A14-4BDF5205C775}.Debug|Any CPU.Build.0 = Debug|Any CPU
		{0F062753-D57B-4769-9A14-4BDF5205C775}.Release|Any CPU.ActiveCfg = Release|Any CPU
		{0F062753-D57B-4769-9A14-4BDF5205C775}.Release|Any CPU.Build.0 = Release|Any CPU
		{9D5A089D-CACA-4564-BEEA-69A0139F78C4}.Debug|Any CPU.ActiveCfg = Debug|Any CPU
		{9D5A089D-CACA-4564-BEEA-69A0139F78C4}.Debug|Any CPU.Build.0 = Debug|Any CPU
		{9D5A089D-CACA-4564-BEEA-69A0139F78C4}.Release|Any CPU.ActiveCfg = Release|Any CPU
		{9D5A089D-CACA-4564-BEEA-69A0139F78C4}.Release|Any CPU.Build.0 = Release|Any CPU
		{DE255F54-03FC-4023-9FDF-A0E953BCD8AC}.Debug|Any CPU.ActiveCfg = Debug|Any CPU
		{DE255F54-03FC-4023-9FDF-A0E953BCD8AC}.Debug|Any CPU.Build.0 = Debug|Any CPU
		{DE255F54-03FC-4023-9FDF-A0E953BCD8AC}.Release|Any CPU.ActiveCfg = Release|Any CPU
		{DE255F54-03FC-4023-9FDF-A0E953BCD8AC}.Release|Any CPU.Build.0 = Release|Any CPU
		{C3072B8A-A84B-4A2C-A9A4-A6472E11F341}.Debug|Any CPU.ActiveCfg = Debug|Any CPU
		{C3072B8A-A84B-4A2C-A9A4-A6472E11F341}.Debug|Any CPU.Build.0 = Debug|Any CPU
		{C3072B8A-A84B-4A2C-A9A4-A6472E11F341}.Release|Any CPU.ActiveCfg = Release|Any CPU
		{C3072B8A-A84B-4A2C-A9A4-A6472E11F341}.Release|Any CPU.Build.0 = Release|Any CPU
		{F52C48BC-E38F-4CD3-B69E-ED4581342ABD}.Debug|Any CPU.ActiveCfg = Debug|Any CPU
		{F52C48BC-E38F-4CD3-B69E-ED4581342ABD}.Debug|Any CPU.Build.0 = Debug|Any CPU
		{F52C48BC-E38F-4CD3-B69E-ED4581342ABD}.Release|Any CPU.ActiveCfg = Release|Any CPU
		{F52C48BC-E38F-4CD3-B69E-ED4581342ABD}.Release|Any CPU.Build.0 = Release|Any CPU
		{5C8606D7-AF20-4BC4-AC90-9D3271D361EF}.Debug|Any CPU.ActiveCfg = Debug|Any CPU
		{5C8606D7-AF20-4BC4-AC90-9D3271D361EF}.Debug|Any CPU.Build.0 = Debug|Any CPU
		{5C8606D7-AF20-4BC4-AC90-9D3271D361EF}.Release|Any CPU.ActiveCfg = Release|Any CPU
		{5C8606D7-AF20-4BC4-AC90-9D3271D361EF}.Release|Any CPU.Build.0 = Release|Any CPU
		{C67EFAD4-F992-4A6A-95F8-84AA83084C80}.Debug|Any CPU.ActiveCfg = Debug|Any CPU
		{C67EFAD4-F992-4A6A-95F8-84AA83084C80}.Debug|Any CPU.Build.0 = Debug|Any CPU
		{C67EFAD4-F992-4A6A-95F8-84AA83084C80}.Release|Any CPU.ActiveCfg = Release|Any CPU
		{C67EFAD4-F992-4A6A-95F8-84AA83084C80}.Release|Any CPU.Build.0 = Release|Any CPU
		{6BD4FB02-19BC-450D-B284-B549363C52E9}.Debug|Any CPU.ActiveCfg = Debug|Any CPU
		{6BD4FB02-19BC-450D-B284-B549363C52E9}.Debug|Any CPU.Build.0 = Debug|Any CPU
		{6BD4FB02-19BC-450D-B284-B549363C52E9}.Release|Any CPU.ActiveCfg = Release|Any CPU
		{6BD4FB02-19BC-450D-B284-B549363C52E9}.Release|Any CPU.Build.0 = Release|Any CPU
		{E73EAF61-67B7-4283-BC5A-5B65D8E76302}.Debug|Any CPU.ActiveCfg = Debug|Any CPU
		{E73EAF61-67B7-4283-BC5A-5B65D8E76302}.Debug|Any CPU.Build.0 = Debug|Any CPU
		{E73EAF61-67B7-4283-BC5A-5B65D8E76302}.Release|Any CPU.ActiveCfg = Release|Any CPU
		{E73EAF61-67B7-4283-BC5A-5B65D8E76302}.Release|Any CPU.Build.0 = Release|Any CPU
		{58C36A81-0B7E-4538-9BBA-2830A7B6D2A8}.Debug|Any CPU.ActiveCfg = Debug|Any CPU
		{58C36A81-0B7E-4538-9BBA-2830A7B6D2A8}.Debug|Any CPU.Build.0 = Debug|Any CPU
		{58C36A81-0B7E-4538-9BBA-2830A7B6D2A8}.Release|Any CPU.ActiveCfg = Release|Any CPU
		{58C36A81-0B7E-4538-9BBA-2830A7B6D2A8}.Release|Any CPU.Build.0 = Release|Any CPU
	EndGlobalSection
	GlobalSection(SolutionProperties) = preSolution
		HideSolutionNode = FALSE
	EndGlobalSection
	GlobalSection(ExtensibilityGlobals) = postSolution
		SolutionGuid = {D983EC13-CE21-44BB-AFFE-A78430222BF2}
	EndGlobalSection
EndGlobal
